
Microsoft Visual Studio Solution File, Format Version 12.00
# Visual Studio Version 16
VisualStudioVersion = 16.0.30114.105
MinimumVisualStudioVersion = 10.0.40219.1
Project("{FAE04EC0-301F-11D3-BF4B-00C04F79EFBC}") = "RestSharpClient", "RestSharpClient\RestSharpClient.csproj", "{04374C92-6A9B-4AA2-9ACD-9149FE6F3DC8}"
EndProject
Project("{FAE04EC0-301F-11D3-BF4B-00C04F79EFBC}") = "TestApi", "TestApi\TestApi.csproj", "{35DE7B1E-BBD0-42A5-80E3-CD356A3B564B}"
EndProject
Global
	GlobalSection(SolutionConfigurationPlatforms) = preSolution
		Debug|Any CPU = Debug|Any CPU
		Release|Any CPU = Release|Any CPU
	EndGlobalSection
	GlobalSection(SolutionProperties) = preSolution
		HideSolutionNode = FALSE
	EndGlobalSection
	GlobalSection(ProjectConfigurationPlatforms) = postSolution
		{04374C92-6A9B-4AA2-9ACD-9149FE6F3DC8}.Debug|Any CPU.ActiveCfg = Debug|Any CPU
		{04374C92-6A9B-4AA2-9ACD-9149FE6F3DC8}.Debug|Any CPU.Build.0 = Debug|Any CPU
		{04374C92-6A9B-4AA2-9ACD-9149FE6F3DC8}.Release|Any CPU.ActiveCfg = Release|Any CPU
		{04374C92-6A9B-4AA2-9ACD-9149FE6F3DC8}.Release|Any CPU.Build.0 = Release|Any CPU
		{35DE7B1E-BBD0-42A5-80E3-CD356A3B564B}.Debug|Any CPU.ActiveCfg = Debug|Any CPU
		{35DE7B1E-BBD0-42A5-80E3-CD356A3B564B}.Debug|Any CPU.Build.0 = Debug|Any CPU
		{35DE7B1E-BBD0-42A5-80E3-CD356A3B564B}.Release|Any CPU.ActiveCfg = Release|Any CPU
		{35DE7B1E-BBD0-42A5-80E3-CD356A3B564B}.Release|Any CPU.Build.0 = Release|Any CPU
	EndGlobalSection
EndGlobal
